
Microsoft Visual Studio Solution File, Format Version 12.00
# Visual Studio Version 17
VisualStudioVersion = 17.0.31903.59
MinimumVisualStudioVersion = 10.0.40219.1
Project("{2150E333-8FDC-42A3-9474-1A3956D46DE8}") = "src", "src", "{D43A504E-B982-43CC-88FD-3CFA567B4655}"
EndProject
Project("{FAE04EC0-301F-11D3-BF4B-00C04F79EFBC}") = "Domain", "src\Domain\Domain.csproj", "{96B22622-E425-406B-BCCA-B9AAE5DC4DAD}"
EndProject
Project("{FAE04EC0-301F-11D3-BF4B-00C04F79EFBC}") = "Application", "src\Application\Application.csproj", "{AE6A1C11-160A-418E-860A-018110BB98C1}"
EndProject
Project("{FAE04EC0-301F-11D3-BF4B-00C04F79EFBC}") = "Infrastructure", "src\Infrastructure\Infrastructure.csproj", "{09E11C21-C0B7-40E9-9D5A-630793F03454}"
EndProject
Project("{FAE04EC0-301F-11D3-BF4B-00C04F79EFBC}") = "Shared", "src\Shared\Shared.csproj", "{53E3553A-5828-4FEF-8477-8B0EB2D84019}"
EndProject
Project("{FAE04EC0-301F-11D3-BF4B-00C04F79EFBC}") = "Mobile", "src\Mobile\Mobile.csproj", "{6660E627-AB5E-4250-AAC3-846D3DB3A065}"
EndProject
Project("{FAE04EC0-301F-11D3-BF4B-00C04F79EFBC}") = "Web.FrontOffice", "src\Web.FrontOffice\Web.FrontOffice.csproj", "{EF2C147A-987F-4444-8A3B-D94A8751D89F}"
EndProject
Project("{FAE04EC0-301F-11D3-BF4B-00C04F79EFBC}") = "Web.BackOffice", "src\Web.BackOffice\Web.BackOffice.csproj", "{21FF7D3A-4353-4866-BE09-26ADA2F8A8DD}"
EndProject
Project("{FAE04EC0-301F-11D3-BF4B-00C04F79EFBC}") = "Web.Api", "src\Web.Api\Web.Api.csproj", "{CEFC99C1-6093-4B1D-8899-D2ED98A46274}"
EndProject
Global
	GlobalSection(SolutionConfigurationPlatforms) = preSolution
		Debug|Any CPU = Debug|Any CPU
		Release|Any CPU = Release|Any CPU
	EndGlobalSection
	GlobalSection(SolutionProperties) = preSolution
		HideSolutionNode = FALSE
	EndGlobalSection
	GlobalSection(ProjectConfigurationPlatforms) = postSolution
		{96B22622-E425-406B-BCCA-B9AAE5DC4DAD}.Debug|Any CPU.ActiveCfg = Debug|Any CPU
		{96B22622-E425-406B-BCCA-B9AAE5DC4DAD}.Debug|Any CPU.Build.0 = Debug|Any CPU
		{96B22622-E425-406B-BCCA-B9AAE5DC4DAD}.Release|Any CPU.ActiveCfg = Release|Any CPU
		{96B22622-E425-406B-BCCA-B9AAE5DC4DAD}.Release|Any CPU.Build.0 = Release|Any CPU
		{AE6A1C11-160A-418E-860A-018110BB98C1}.Debug|Any CPU.ActiveCfg = Debug|Any CPU
		{AE6A1C11-160A-418E-860A-018110BB98C1}.Debug|Any CPU.Build.0 = Debug|Any CPU
		{AE6A1C11-160A-418E-860A-018110BB98C1}.Release|Any CPU.ActiveCfg = Release|Any CPU
		{AE6A1C11-160A-418E-860A-018110BB98C1}.Release|Any CPU.Build.0 = Release|Any CPU
		{09E11C21-C0B7-40E9-9D5A-630793F03454}.Debug|Any CPU.ActiveCfg = Debug|Any CPU
		{09E11C21-C0B7-40E9-9D5A-630793F03454}.Debug|Any CPU.Build.0 = Debug|Any CPU
		{09E11C21-C0B7-40E9-9D5A-630793F03454}.Release|Any CPU.ActiveCfg = Release|Any CPU
		{09E11C21-C0B7-40E9-9D5A-630793F03454}.Release|Any CPU.Build.0 = Release|Any CPU
		{53E3553A-5828-4FEF-8477-8B0EB2D84019}.Debug|Any CPU.ActiveCfg = Debug|Any CPU
		{53E3553A-5828-4FEF-8477-8B0EB2D84019}.Debug|Any CPU.Build.0 = Debug|Any CPU
		{53E3553A-5828-4FEF-8477-8B0EB2D84019}.Release|Any CPU.ActiveCfg = Release|Any CPU
		{53E3553A-5828-4FEF-8477-8B0EB2D84019}.Release|Any CPU.Build.0 = Release|Any CPU
		{6660E627-AB5E-4250-AAC3-846D3DB3A065}.Debug|Any CPU.ActiveCfg = Debug|Any CPU
		{6660E627-AB5E-4250-AAC3-846D3DB3A065}.Debug|Any CPU.Build.0 = Debug|Any CPU
		{6660E627-AB5E-4250-AAC3-846D3DB3A065}.Release|Any CPU.ActiveCfg = Release|Any CPU
		{6660E627-AB5E-4250-AAC3-846D3DB3A065}.Release|Any CPU.Build.0 = Release|Any CPU
		{EF2C147A-987F-4444-8A3B-D94A8751D89F}.Debug|Any CPU.ActiveCfg = Debug|Any CPU
		{EF2C147A-987F-4444-8A3B-D94A8751D89F}.Debug|Any CPU.Build.0 = Debug|Any CPU
		{EF2C147A-987F-4444-8A3B-D94A8751D89F}.Release|Any CPU.ActiveCfg = Release|Any CPU
		{EF2C147A-987F-4444-8A3B-D94A8751D89F}.Release|Any CPU.Build.0 = Release|Any CPU
		{21FF7D3A-4353-4866-BE09-26ADA2F8A8DD}.Debug|Any CPU.ActiveCfg = Debug|Any CPU
		{21FF7D3A-4353-4866-BE09-26ADA2F8A8DD}.Debug|Any CPU.Build.0 = Debug|Any CPU
		{21FF7D3A-4353-4866-BE09-26ADA2F8A8DD}.Release|Any CPU.ActiveCfg = Release|Any CPU
		{21FF7D3A-4353-4866-BE09-26ADA2F8A8DD}.Release|Any CPU.Build.0 = Release|Any CPU
		{CEFC99C1-6093-4B1D-8899-D2ED98A46274}.Debug|Any CPU.ActiveCfg = Debug|Any CPU
		{CEFC99C1-6093-4B1D-8899-D2ED98A46274}.Debug|Any CPU.Build.0 = Debug|Any CPU
		{CEFC99C1-6093-4B1D-8899-D2ED98A46274}.Release|Any CPU.ActiveCfg = Release|Any CPU
		{CEFC99C1-6093-4B1D-8899-D2ED98A46274}.Release|Any CPU.Build.0 = Release|Any CPU
	EndGlobalSection
	GlobalSection(NestedProjects) = preSolution
		{96B22622-E425-406B-BCCA-B9AAE5DC4DAD} = {D43A504E-B982-43CC-88FD-3CFA567B4655}
		{AE6A1C11-160A-418E-860A-018110BB98C1} = {D43A504E-B982-43CC-88FD-3CFA567B4655}
		{09E11C21-C0B7-40E9-9D5A-630793F03454} = {D43A504E-B982-43CC-88FD-3CFA567B4655}
		{53E3553A-5828-4FEF-8477-8B0EB2D84019} = {D43A504E-B982-43CC-88FD-3CFA567B4655}
		{6660E627-AB5E-4250-AAC3-846D3DB3A065} = {D43A504E-B982-43CC-88FD-3CFA567B4655}
		{EF2C147A-987F-4444-8A3B-D94A8751D89F} = {D43A504E-B982-43CC-88FD-3CFA567B4655}
		{21FF7D3A-4353-4866-BE09-26ADA2F8A8DD} = {D43A504E-B982-43CC-88FD-3CFA567B4655}
		{CEFC99C1-6093-4B1D-8899-D2ED98A46274} = {D43A504E-B982-43CC-88FD-3CFA567B4655}
	EndGlobalSection
EndGlobal
